
Microsoft Visual Studio Solution File, Format Version 12.00
# Visual Studio Version 17
VisualStudioVersion = 17.7.34018.315
MinimumVisualStudioVersion = 10.0.40219.1
Project("{FAE04EC0-301F-11D3-BF4B-00C04F79EFBC}") = "Inlämninguppgift 4.6", "Inlämninguppgift 4.6\Inlämninguppgift 4.6.csproj", "{7CFBA802-8C88-4444-A484-0E3241DBB1FA}"
EndProject
Global
	GlobalSection(SolutionConfigurationPlatforms) = preSolution
		Debug|Any CPU = Debug|Any CPU
		Release|Any CPU = Release|Any CPU
	EndGlobalSection
	GlobalSection(ProjectConfigurationPlatforms) = postSolution
		{7CFBA802-8C88-4444-A484-0E3241DBB1FA}.Debug|Any CPU.ActiveCfg = Debug|Any CPU
		{7CFBA802-8C88-4444-A484-0E3241DBB1FA}.Debug|Any CPU.Build.0 = Debug|Any CPU
		{7CFBA802-8C88-4444-A484-0E3241DBB1FA}.Release|Any CPU.ActiveCfg = Release|Any CPU
		{7CFBA802-8C88-4444-A484-0E3241DBB1FA}.Release|Any CPU.Build.0 = Release|Any CPU
	EndGlobalSection
	GlobalSection(SolutionProperties) = preSolution
		HideSolutionNode = FALSE
	EndGlobalSection
	GlobalSection(ExtensibilityGlobals) = postSolution
		SolutionGuid = {8763D7E3-A202-460A-9428-641AC3414844}
	EndGlobalSection
EndGlobal
